
Microsoft Visual Studio Solution File, Format Version 12.00
# Visual Studio Version 17
VisualStudioVersion = 17.6.33801.468
MinimumVisualStudioVersion = 10.0.40219.1
Project("{9A19103F-16F7-4668-BE54-9A1E7A4F7556}") = "MyProject.UI", "MyProject\MyProject.UI.csproj", "{910D9BC8-3C33-4BBE-A428-4BB64C866DC0}"
EndProject
Project("{FAE04EC0-301F-11D3-BF4B-00C04F79EFBC}") = "DataAccessLayer", "DataAccessLayer\DataAccessLayer.csproj", "{D3B4E896-211C-4FC6-BAA0-D77391272753}"
EndProject
Project("{FAE04EC0-301F-11D3-BF4B-00C04F79EFBC}") = "BusinessLayer", "BusinessLayer\BusinessLayer.csproj", "{65D55BFF-AA54-4869-94BE-280BCC55F845}"
EndProject
Project("{FAE04EC0-301F-11D3-BF4B-00C04F79EFBC}") = "EntityLayer", "EntityLayer\EntityLayer.csproj", "{AD8538DD-578B-425F-86C2-0CA671402200}"
EndProject
Project("{FAE04EC0-301F-11D3-BF4B-00C04F79EFBC}") = "Api", "MyProject.API\Api.csproj", "{D078BF3F-8F79-42ED-B8DF-4340A4EF0C17}"
EndProject
Global
	GlobalSection(SolutionConfigurationPlatforms) = preSolution
		Debug|Any CPU = Debug|Any CPU
		Release|Any CPU = Release|Any CPU
	EndGlobalSection
	GlobalSection(ProjectConfigurationPlatforms) = postSolution
		{910D9BC8-3C33-4BBE-A428-4BB64C866DC0}.Debug|Any CPU.ActiveCfg = Debug|Any CPU
		{910D9BC8-3C33-4BBE-A428-4BB64C866DC0}.Debug|Any CPU.Build.0 = Debug|Any CPU
		{910D9BC8-3C33-4BBE-A428-4BB64C866DC0}.Release|Any CPU.ActiveCfg = Release|Any CPU
		{910D9BC8-3C33-4BBE-A428-4BB64C866DC0}.Release|Any CPU.Build.0 = Release|Any CPU
		{D3B4E896-211C-4FC6-BAA0-D77391272753}.Debug|Any CPU.ActiveCfg = Debug|Any CPU
		{D3B4E896-211C-4FC6-BAA0-D77391272753}.Debug|Any CPU.Build.0 = Debug|Any CPU
		{D3B4E896-211C-4FC6-BAA0-D77391272753}.Release|Any CPU.ActiveCfg = Release|Any CPU
		{D3B4E896-211C-4FC6-BAA0-D77391272753}.Release|Any CPU.Build.0 = Release|Any CPU
		{65D55BFF-AA54-4869-94BE-280BCC55F845}.Debug|Any CPU.ActiveCfg = Debug|Any CPU
		{65D55BFF-AA54-4869-94BE-280BCC55F845}.Debug|Any CPU.Build.0 = Debug|Any CPU
		{65D55BFF-AA54-4869-94BE-280BCC55F845}.Release|Any CPU.ActiveCfg = Release|Any CPU
		{65D55BFF-AA54-4869-94BE-280BCC55F845}.Release|Any CPU.Build.0 = Release|Any CPU
		{AD8538DD-578B-425F-86C2-0CA671402200}.Debug|Any CPU.ActiveCfg = Debug|Any CPU
		{AD8538DD-578B-425F-86C2-0CA671402200}.Debug|Any CPU.Build.0 = Debug|Any CPU
		{AD8538DD-578B-425F-86C2-0CA671402200}.Release|Any CPU.ActiveCfg = Release|Any CPU
		{AD8538DD-578B-425F-86C2-0CA671402200}.Release|Any CPU.Build.0 = Release|Any CPU
		{D078BF3F-8F79-42ED-B8DF-4340A4EF0C17}.Debug|Any CPU.ActiveCfg = Debug|Any CPU
		{D078BF3F-8F79-42ED-B8DF-4340A4EF0C17}.Debug|Any CPU.Build.0 = Debug|Any CPU
		{D078BF3F-8F79-42ED-B8DF-4340A4EF0C17}.Release|Any CPU.ActiveCfg = Release|Any CPU
		{D078BF3F-8F79-42ED-B8DF-4340A4EF0C17}.Release|Any CPU.Build.0 = Release|Any CPU
	EndGlobalSection
	GlobalSection(SolutionProperties) = preSolution
		HideSolutionNode = FALSE
	EndGlobalSection
	GlobalSection(ExtensibilityGlobals) = postSolution
		SolutionGuid = {890C4494-0BFA-4275-9831-770F577682F6}
	EndGlobalSection
EndGlobal
